
Microsoft Visual Studio Solution File, Format Version 12.00
# Visual Studio Version 17
VisualStudioVersion = 17.0.31903.59
MinimumVisualStudioVersion = 10.0.40219.1
Project("{2150E333-8FDC-42A3-9474-1A3956D46DE8}") = "src", "src", "{827E0CD3-B72D-47B6-A68D-7590B98EB39B}"
EndProject
Project("{FAE04EC0-301F-11D3-BF4B-00C04F79EFBC}") = "AuthenticationTest.Core", "src\AuthenticationTest.Core\AuthenticationTest.Core.csproj", "{4EEC38C3-9F62-4D7B-AF9E-372F1E248AE9}"
EndProject
Project("{FAE04EC0-301F-11D3-BF4B-00C04F79EFBC}") = "AuthenticationTest.Controller", "src\AuthenticationTest.Controller\AuthenticationTest.Controller.csproj", "{F2424E34-6697-4223-A50A-7FB4403E3535}"
EndProject
Project("{FAE04EC0-301F-11D3-BF4B-00C04F79EFBC}") = "AuthenticationTest.Service", "src\AuthenticationTest.Service\AuthenticationTest.Service.csproj", "{A958E2E2-3E0B-4D18-8F18-8A3F8D0822EE}"
EndProject
Project("{FAE04EC0-301F-11D3-BF4B-00C04F79EFBC}") = "AuthenticationTest.Infrastructure", "src\AuthenticationTest.Infrastructure\AuthenticationTest.Infrastructure.csproj", "{14F3CA54-9208-4DA2-B495-6614A824850C}"
EndProject
Project("{FAE04EC0-301F-11D3-BF4B-00C04F79EFBC}") = "AuthenticationTestDotNet.Tests", "src\AuthenticationTestDotNet.Tests\AuthenticationTestDotNet.Tests.csproj", "{3A31434A-60F1-4C01-8C67-2662CD76B8F0}"
EndProject
Global
	GlobalSection(SolutionConfigurationPlatforms) = preSolution
		Debug|Any CPU = Debug|Any CPU
		Debug|x64 = Debug|x64
		Debug|x86 = Debug|x86
		Release|Any CPU = Release|Any CPU
		Release|x64 = Release|x64
		Release|x86 = Release|x86
	EndGlobalSection
	GlobalSection(ProjectConfigurationPlatforms) = postSolution
		{4EEC38C3-9F62-4D7B-AF9E-372F1E248AE9}.Debug|Any CPU.ActiveCfg = Debug|Any CPU
		{4EEC38C3-9F62-4D7B-AF9E-372F1E248AE9}.Debug|Any CPU.Build.0 = Debug|Any CPU
		{4EEC38C3-9F62-4D7B-AF9E-372F1E248AE9}.Debug|x64.ActiveCfg = Debug|Any CPU
		{4EEC38C3-9F62-4D7B-AF9E-372F1E248AE9}.Debug|x64.Build.0 = Debug|Any CPU
		{4EEC38C3-9F62-4D7B-AF9E-372F1E248AE9}.Debug|x86.ActiveCfg = Debug|Any CPU
		{4EEC38C3-9F62-4D7B-AF9E-372F1E248AE9}.Debug|x86.Build.0 = Debug|Any CPU
		{4EEC38C3-9F62-4D7B-AF9E-372F1E248AE9}.Release|Any CPU.ActiveCfg = Release|Any CPU
		{4EEC38C3-9F62-4D7B-AF9E-372F1E248AE9}.Release|Any CPU.Build.0 = Release|Any CPU
		{4EEC38C3-9F62-4D7B-AF9E-372F1E248AE9}.Release|x64.ActiveCfg = Release|Any CPU
		{4EEC38C3-9F62-4D7B-AF9E-372F1E248AE9}.Release|x64.Build.0 = Release|Any CPU
		{4EEC38C3-9F62-4D7B-AF9E-372F1E248AE9}.Release|x86.ActiveCfg = Release|Any CPU
		{4EEC38C3-9F62-4D7B-AF9E-372F1E248AE9}.Release|x86.Build.0 = Release|Any CPU
		{F2424E34-6697-4223-A50A-7FB4403E3535}.Debug|Any CPU.ActiveCfg = Debug|Any CPU
		{F2424E34-6697-4223-A50A-7FB4403E3535}.Debug|Any CPU.Build.0 = Debug|Any CPU
		{F2424E34-6697-4223-A50A-7FB4403E3535}.Debug|x64.ActiveCfg = Debug|Any CPU
		{F2424E34-6697-4223-A50A-7FB4403E3535}.Debug|x64.Build.0 = Debug|Any CPU
		{F2424E34-6697-4223-A50A-7FB4403E3535}.Debug|x86.ActiveCfg = Debug|Any CPU
		{F2424E34-6697-4223-A50A-7FB4403E3535}.Debug|x86.Build.0 = Debug|Any CPU
		{F2424E34-6697-4223-A50A-7FB4403E3535}.Release|Any CPU.ActiveCfg = Release|Any CPU
		{F2424E34-6697-4223-A50A-7FB4403E3535}.Release|Any CPU.Build.0 = Release|Any CPU
		{F2424E34-6697-4223-A50A-7FB4403E3535}.Release|x64.ActiveCfg = Release|Any CPU
		{F2424E34-6697-4223-A50A-7FB4403E3535}.Release|x64.Build.0 = Release|Any CPU
		{F2424E34-6697-4223-A50A-7FB4403E3535}.Release|x86.ActiveCfg = Release|Any CPU
		{F2424E34-6697-4223-A50A-7FB4403E3535}.Release|x86.Build.0 = Release|Any CPU
		{A958E2E2-3E0B-4D18-8F18-8A3F8D0822EE}.Debug|Any CPU.ActiveCfg = Debug|Any CPU
		{A958E2E2-3E0B-4D18-8F18-8A3F8D0822EE}.Debug|Any CPU.Build.0 = Debug|Any CPU
		{A958E2E2-3E0B-4D18-8F18-8A3F8D0822EE}.Debug|x64.ActiveCfg = Debug|Any CPU
		{A958E2E2-3E0B-4D18-8F18-8A3F8D0822EE}.Debug|x64.Build.0 = Debug|Any CPU
		{A958E2E2-3E0B-4D18-8F18-8A3F8D0822EE}.Debug|x86.ActiveCfg = Debug|Any CPU
		{A958E2E2-3E0B-4D18-8F18-8A3F8D0822EE}.Debug|x86.Build.0 = Debug|Any CPU
		{A958E2E2-3E0B-4D18-8F18-8A3F8D0822EE}.Release|Any CPU.ActiveCfg = Release|Any CPU
		{A958E2E2-3E0B-4D18-8F18-8A3F8D0822EE}.Release|Any CPU.Build.0 = Release|Any CPU
		{A958E2E2-3E0B-4D18-8F18-8A3F8D0822EE}.Release|x64.ActiveCfg = Release|Any CPU
		{A958E2E2-3E0B-4D18-8F18-8A3F8D0822EE}.Release|x64.Build.0 = Release|Any CPU
		{A958E2E2-3E0B-4D18-8F18-8A3F8D0822EE}.Release|x86.ActiveCfg = Release|Any CPU
		{A958E2E2-3E0B-4D18-8F18-8A3F8D0822EE}.Release|x86.Build.0 = Release|Any CPU
		{14F3CA54-9208-4DA2-B495-6614A824850C}.Debug|Any CPU.ActiveCfg = Debug|Any CPU
		{14F3CA54-9208-4DA2-B495-6614A824850C}.Debug|Any CPU.Build.0 = Debug|Any CPU
		{14F3CA54-9208-4DA2-B495-6614A824850C}.Debug|x64.ActiveCfg = Debug|Any CPU
		{14F3CA54-9208-4DA2-B495-6614A824850C}.Debug|x64.Build.0 = Debug|Any CPU
		{14F3CA54-9208-4DA2-B495-6614A824850C}.Debug|x86.ActiveCfg = Debug|Any CPU
		{14F3CA54-9208-4DA2-B495-6614A824850C}.Debug|x86.Build.0 = Debug|Any CPU
		{14F3CA54-9208-4DA2-B495-6614A824850C}.Release|Any CPU.ActiveCfg = Release|Any CPU
		{14F3CA54-9208-4DA2-B495-6614A824850C}.Release|Any CPU.Build.0 = Release|Any CPU
		{14F3CA54-9208-4DA2-B495-6614A824850C}.Release|x64.ActiveCfg = Release|Any CPU
		{14F3CA54-9208-4DA2-B495-6614A824850C}.Release|x64.Build.0 = Release|Any CPU
		{14F3CA54-9208-4DA2-B495-6614A824850C}.Release|x86.ActiveCfg = Release|Any CPU
		{14F3CA54-9208-4DA2-B495-6614A824850C}.Release|x86.Build.0 = Release|Any CPU
		{3A31434A-60F1-4C01-8C67-2662CD76B8F0}.Debug|Any CPU.ActiveCfg = Debug|Any CPU
		{3A31434A-60F1-4C01-8C67-2662CD76B8F0}.Debug|Any CPU.Build.0 = Debug|Any CPU
		{3A31434A-60F1-4C01-8C67-2662CD76B8F0}.Debug|x64.ActiveCfg = Debug|Any CPU
		{3A31434A-60F1-4C01-8C67-2662CD76B8F0}.Debug|x64.Build.0 = Debug|Any CPU
		{3A31434A-60F1-4C01-8C67-2662CD76B8F0}.Debug|x86.ActiveCfg = Debug|Any CPU
		{3A31434A-60F1-4C01-8C67-2662CD76B8F0}.Debug|x86.Build.0 = Debug|Any CPU
		{3A31434A-60F1-4C01-8C67-2662CD76B8F0}.Release|Any CPU.ActiveCfg = Release|Any CPU
		{3A31434A-60F1-4C01-8C67-2662CD76B8F0}.Release|Any CPU.Build.0 = Release|Any CPU
		{3A31434A-60F1-4C01-8C67-2662CD76B8F0}.Release|x64.ActiveCfg = Release|Any CPU
		{3A31434A-60F1-4C01-8C67-2662CD76B8F0}.Release|x64.Build.0 = Release|Any CPU
		{3A31434A-60F1-4C01-8C67-2662CD76B8F0}.Release|x86.ActiveCfg = Release|Any CPU
		{3A31434A-60F1-4C01-8C67-2662CD76B8F0}.Release|x86.Build.0 = Release|Any CPU
	EndGlobalSection
	GlobalSection(SolutionProperties) = preSolution
		HideSolutionNode = FALSE
	EndGlobalSection
	GlobalSection(NestedProjects) = preSolution
		{4EEC38C3-9F62-4D7B-AF9E-372F1E248AE9} = {827E0CD3-B72D-47B6-A68D-7590B98EB39B}
		{F2424E34-6697-4223-A50A-7FB4403E3535} = {827E0CD3-B72D-47B6-A68D-7590B98EB39B}
		{A958E2E2-3E0B-4D18-8F18-8A3F8D0822EE} = {827E0CD3-B72D-47B6-A68D-7590B98EB39B}
		{14F3CA54-9208-4DA2-B495-6614A824850C} = {827E0CD3-B72D-47B6-A68D-7590B98EB39B}
		{3A31434A-60F1-4C01-8C67-2662CD76B8F0} = {827E0CD3-B72D-47B6-A68D-7590B98EB39B}
	EndGlobalSection
EndGlobal
